
Microsoft Visual Studio Solution File, Format Version 12.00
# Visual Studio Version 17
VisualStudioVersion = 17.7.34003.232
MinimumVisualStudioVersion = 10.0.40219.1
Project("{FAE04EC0-301F-11D3-BF4B-00C04F79EFBC}") = "Proyecto Final", "Proyecto Final\Proyecto Final.csproj", "{DE469A71-51BC-44A5-AAAD-7AD8CED0F7EF}"
EndProject
Global
	GlobalSection(SolutionConfigurationPlatforms) = preSolution
		Debug|Any CPU = Debug|Any CPU
		Release|Any CPU = Release|Any CPU
	EndGlobalSection
	GlobalSection(ProjectConfigurationPlatforms) = postSolution
		{DE469A71-51BC-44A5-AAAD-7AD8CED0F7EF}.Debug|Any CPU.ActiveCfg = Debug|Any CPU
		{DE469A71-51BC-44A5-AAAD-7AD8CED0F7EF}.Debug|Any CPU.Build.0 = Debug|Any CPU
		{DE469A71-51BC-44A5-AAAD-7AD8CED0F7EF}.Release|Any CPU.ActiveCfg = Release|Any CPU
		{DE469A71-51BC-44A5-AAAD-7AD8CED0F7EF}.Release|Any CPU.Build.0 = Release|Any CPU
	EndGlobalSection
	GlobalSection(SolutionProperties) = preSolution
		HideSolutionNode = FALSE
	EndGlobalSection
	GlobalSection(ExtensibilityGlobals) = postSolution
		SolutionGuid = {917D28F5-7773-4105-896D-E806B35B3700}
	EndGlobalSection
EndGlobal
